
Microsoft Visual Studio Solution File, Format Version 12.00
# Visual Studio 15
VisualStudioVersion = 15.0.27130.2003
MinimumVisualStudioVersion = 10.0.40219.1
Project("{2150E333-8FDC-42A3-9474-1A3956D46DE8}") = "Solution Items", "Solution Items", "{1CCD9079-5272-40B5-AD8A-9FCD3AAF7AF5}"
	ProjectSection(SolutionItems) = preProject
		facespace.html = facespace.html
	EndProjectSection
EndProject
Global
	GlobalSection(SolutionProperties) = preSolution
		HideSolutionNode = FALSE
	EndGlobalSection
	GlobalSection(ExtensibilityGlobals) = postSolution
		SolutionGuid = {60F196D6-55C9-4401-96EE-1F26BFBE9BC7}
	EndGlobalSection
EndGlobal
